// !$*UTF8*$!
{
	archiveVersion = 1;
	classes = {
	};
	objectVersion = 50;
	objects = {

/* Begin PBXBuildFile section */
		505467042167E4C10078A352 /* AppDelegate.swift in Sources */ = {isa = PBXBuildFile; fileRef = 505467032167E4C10078A352 /* AppDelegate.swift */; };
		505467062167E4C10078A352 /* SetViewController.swift in Sources */ = {isa = PBXBuildFile; fileRef = 505467052167E4C10078A352 /* SetViewController.swift */; };
		505467092167E4C10078A352 /* Main.storyboard in Resources */ = {isa = PBXBuildFile; fileRef = 505467072167E4C10078A352 /* Main.storyboard */; };
		5054670B2167E4C10078A352 /* Assets.xcassets in Resources */ = {isa = PBXBuildFile; fileRef = 5054670A2167E4C10078A352 /* Assets.xcassets */; };
		5054670E2167E4C10078A352 /* LaunchScreen.storyboard in Resources */ = {isa = PBXBuildFile; fileRef = 5054670C2167E4C10078A352 /* LaunchScreen.storyboard */; };
		5054671A2167E5670078A352 /* SetCard.swift in Sources */ = {isa = PBXBuildFile; fileRef = 505467192167E5670078A352 /* SetCard.swift */; };
		5054671C2167E5830078A352 /* SetCardDeck.swift in Sources */ = {isa = PBXBuildFile; fileRef = 5054671B2167E5830078A352 /* SetCardDeck.swift */; };
		5054671E216807DE0078A352 /* SetGame.swift in Sources */ = {isa = PBXBuildFile; fileRef = 5054671D216807DE0078A352 /* SetGame.swift */; };
		5054672021690D9D0078A352 /* Default-568h@2x.png in Resources */ = {isa = PBXBuildFile; fileRef = 5054671F21690D9D0078A352 /* Default-568h@2x.png */; };
/* End PBXBuildFile section */

/* Begin PBXFileReference section */
		505467002167E4C10078A352 /* Homework 2.app */ = {isa = PBXFileReference; explicitFileType = wrapper.application; includeInIndex = 0; path = "Homework 2.app"; sourceTree = BUILT_PRODUCTS_DIR; };
		505467032167E4C10078A352 /* AppDelegate.swift */ = {isa = PBXFileReference; lastKnownFileType = sourcecode.swift; path = AppDelegate.swift; sourceTree = "<group>"; };
		505467052167E4C10078A352 /* SetViewController.swift */ = {isa = PBXFileReference; lastKnownFileType = sourcecode.swift; path = SetViewController.swift; sourceTree = "<group>"; };
		505467082167E4C10078A352 /* Base */ = {isa = PBXFileReference; lastKnownFileType = file.storyboard; name = Base; path = Base.lproj/Main.storyboard; sourceTree = "<group>"; };
		5054670A2167E4C10078A352 /* Assets.xcassets */ = {isa = PBXFileReference; lastKnownFileType = folder.assetcatalog; path = Assets.xcassets; sourceTree = "<group>"; };
		5054670D2167E4C10078A352 /* Base */ = {isa = PBXFileReference; lastKnownFileType = file.storyboard; name = Base; path = Base.lproj/LaunchScreen.storyboard; sourceTree = "<group>"; };
		5054670F2167E4C10078A352 /* Info.plist */ = {isa = PBXFileReference; lastKnownFileType = text.plist.xml; path = Info.plist; sourceTree = "<group>"; };
		505467192167E5670078A352 /* SetCard.swift */ = {isa = PBXFileReference; lastKnownFileType = sourcecode.swift; path = SetCard.swift; sourceTree = "<group>"; };
		5054671B2167E5830078A352 /* SetCardDeck.swift */ = {isa = PBXFileReference; lastKnownFileType = sourcecode.swift; path = SetCardDeck.swift; sourceTree = "<group>"; };
		5054671D216807DE0078A352 /* SetGame.swift */ = {isa = PBXFileReference; indentWidth = 4; lastKnownFileType = sourcecode.swift; path = SetGame.swift; sourceTree = "<group>"; };
		5054671F21690D9D0078A352 /* Default-568h@2x.png */ = {isa = PBXFileReference; lastKnownFileType = image.png; path = "Default-568h@2x.png"; sourceTree = "<group>"; };
/* End PBXFileReference section */

/* Begin PBXFrameworksBuildPhase section */
		505466FD2167E4C10078A352 /* Frameworks */ = {
			isa = PBXFrameworksBuildPhase;
			buildActionMask = 2147483647;
			files = (
			);
			runOnlyForDeploymentPostprocessing = 0;
		};
/* End PBXFrameworksBuildPhase section */

/* Begin PBXGroup section */
		505466F72167E4C10078A352 = {
			isa = PBXGroup;
			children = (
				5054671F21690D9D0078A352 /* Default-568h@2x.png */,
				505467022167E4C10078A352 /* Homework 2 */,
				505467012167E4C10078A352 /* Products */,
			);
			sourceTree = "<group>";
		};
		505467012167E4C10078A352 /* Products */ = {
			isa = PBXGroup;
			children = (
				505467002167E4C10078A352 /* Homework 2.app */,
			);
			name = Products;
			sourceTree = "<group>";
		};
		505467022167E4C10078A352 /* Homework 2 */ = {
			isa = PBXGroup;
			children = (
				5054670F2167E4C10078A352 /* Info.plist */,
				505467182167E5450078A352 /* View */,
				505467172167E5360078A352 /* Controller */,
				505467162167E52B0078A352 /* Model */,
				505467152167E4F80078A352 /* Supporting Files */,
			);
			path = "Homework 2";
			sourceTree = "<group>";
		};
		505467152167E4F80078A352 /* Supporting Files */ = {
			isa = PBXGroup;
			children = (
				505467032167E4C10078A352 /* AppDelegate.swift */,
				5054670A2167E4C10078A352 /* Assets.xcassets */,
				5054670C2167E4C10078A352 /* LaunchScreen.storyboard */,
			);
			path = "Supporting Files";
			sourceTree = "<group>";
		};
		505467162167E52B0078A352 /* Model */ = {
			isa = PBXGroup;
			children = (
				505467192167E5670078A352 /* SetCard.swift */,
				5054671B2167E5830078A352 /* SetCardDeck.swift */,
				5054671D216807DE0078A352 /* SetGame.swift */,
			);
			path = Model;
			sourceTree = "<group>";
		};
		505467172167E5360078A352 /* Controller */ = {
			isa = PBXGroup;
			children = (
				505467052167E4C10078A352 /* SetViewController.swift */,
			);
			path = Controller;
			sourceTree = "<group>";
		};
		505467182167E5450078A352 /* View */ = {
			isa = PBXGroup;
			children = (
				505467072167E4C10078A352 /* Main.storyboard */,
			);
			path = View;
			sourceTree = "<group>";
		};
/* End PBXGroup section */

/* Begin PBXNativeTarget section */
		505466FF2167E4C10078A352 /* Homework 2 */ = {
			isa = PBXNativeTarget;
			buildConfigurationList = 505467122167E4C10078A352 /* Build configuration list for PBXNativeTarget "Homework 2" */;
			buildPhases = (
				505466FC2167E4C10078A352 /* Sources */,
				505466FD2167E4C10078A352 /* Frameworks */,
				505466FE2167E4C10078A352 /* Resources */,
			);
			buildRules = (
			);
			dependencies = (
			);
			name = "Homework 2";
			productName = "Homework 2";
			productReference = 505467002167E4C10078A352 /* Homework 2.app */;
			productType = "com.apple.product-type.application";
		};
/* End PBXNativeTarget section */

/* Begin PBXProject section */
		505466F82167E4C10078A352 /* Project object */ = {
			isa = PBXProject;
			attributes = {
				LastSwiftUpdateCheck = 0940;
				LastUpgradeCheck = 0940;
				ORGANIZATIONNAME = "CUNY Lehman College";
				TargetAttributes = {
					505466FF2167E4C10078A352 = {
						CreatedOnToolsVersion = 9.4.1;
					};
				};
			};
			buildConfigurationList = 505466FB2167E4C10078A352 /* Build configuration list for PBXProject "Homework 2" */;
			compatibilityVersion = "Xcode 9.3";
			developmentRegion = en;
			hasScannedForEncodings = 0;
			knownRegions = (
				en,
				Base,
			);
			mainGroup = 505466F72167E4C10078A352;
			productRefGroup = 505467012167E4C10078A352 /* Products */;
			projectDirPath = "";
			projectRoot = "";
			targets = (
				505466FF2167E4C10078A352 /* Homework 2 */,
			);
		};
/* End PBXProject section */

/* Begin PBXResourcesBuildPhase section */
		505466FE2167E4C10078A352 /* Resources */ = {
			isa = PBXResourcesBuildPhase;
			buildActionMask = 2147483647;
			files = (
				5054670E2167E4C10078A352 /* LaunchScreen.storyboard in Resources */,
				5054672021690D9D0078A352 /* Default-568h@2x.png in Resources */,
				5054670B2167E4C10078A352 /* Assets.xcassets in Resources */,
				505467092167E4C10078A352 /* Main.storyboard in Resources */,
			);
			runOnlyForDeploymentPostprocessing = 0;
		};
/* End PBXResourcesBuildPhase section */

/* Begin PBXSourcesBuildPhase section */
		505466FC2167E4C10078A352 /* Sources */ = {
			isa = PBXSourcesBuildPhase;
			buildActionMask = 2147483647;
			files = (
				5054671E216807DE0078A352 /* SetGame.swift in Sources */,
				5054671A2167E5670078A352 /* SetCard.swift in Sources */,
				5054671C2167E5830078A352 /* SetCardDeck.swift in Sources */,
				505467062167E4C10078A352 /* SetViewController.swift in Sources */,
				505467042167E4C10078A352 /* AppDelegate.swift in Sources */,
			);
			runOnlyForDeploymentPostprocessing = 0;
		};
/* End PBXSourcesBuildPhase section */

/* Begin PBXVariantGroup section */
		505467072167E4C10078A352 /* Main.storyboard */ = {
			isa = PBXVariantGroup;
			children = (
				505467082167E4C10078A352 /* Base */,
			);
			name = Main.storyboard;
			sourceTree = "<group>";
		};
		5054670C2167E4C10078A352 /* LaunchScreen.storyboard */ = {
			isa = PBXVariantGroup;
			children = (
				5054670D2167E4C10078A352 /* Base */,
			);
			name = LaunchScreen.storyboard;
			sourceTree = "<group>";
		};
/* End PBXVariantGroup section */

/* Begin XCBuildConfiguration section */
		505467102167E4C10078A352 /* Debug */ = {
			isa = XCBuildConfiguration;
			buildSettings = {
				ALWAYS_SEARCH_USER_PATHS = NO;
				CLANG_ANALYZER_NONNULL = YES;
				CLANG_ANALYZER_NUMBER_OBJECT_CONVERSION = YES_AGGRESSIVE;
				CLANG_CXX_LANGUAGE_STANDARD = "gnu++14";
				CLANG_CXX_LIBRARY = "libc++";
				CLANG_ENABLE_MODULES = YES;
				CLANG_ENABLE_OBJC_ARC = YES;
				CLANG_ENABLE_OBJC_WEAK = YES;
				CLANG_WARN_BLOCK_CAPTURE_AUTORELEASING = YES;
				CLANG_WARN_BOOL_CONVERSION = YES;
				CLANG_WARN_COMMA = YES;
				CLANG_WARN_CONSTANT_CONVERSION = YES;
				CLANG_WARN_DEPRECATED_OBJC_IMPLEMENTATIONS = YES;
				CLANG_WARN_DIRECT_OBJC_ISA_USAGE = YES_ERROR;
				CLANG_WARN_DOCUMENTATION_COMMENTS = YES;
				CLANG_WARN_EMPTY_BODY = YES;
				CLANG_WARN_ENUM_CONVERSION = YES;
				CLANG_WARN_INFINITE_RECURSION = YES;
				CLANG_WARN_INT_CONVERSION = YES;
				CLANG_WARN_NON_LITERAL_NULL_CONVERSION = YES;
				CLANG_WARN_OBJC_IMPLICIT_RETAIN_SELF = YES;
				CLANG_WARN_OBJC_LITERAL_CONVERSION = YES;
				CLANG_WARN_OBJC_ROOT_CLASS = YES_ERROR;
				CLANG_WARN_RANGE_LOOP_ANALYSIS = YES;
				CLANG_WARN_STRICT_PROTOTYPES = YES;
				CLANG_WARN_SUSPICIOUS_MOVE = YES;
				CLANG_WARN_UNGUARDED_AVAILABILITY = YES_AGGRESSIVE;
				CLANG_WARN_UNREACHABLE_CODE = YES;
				CLANG_WARN__DUPLICATE_METHOD_MATCH = YES;
				CODE_SIGN_IDENTITY = "iPhone Developer";
				COPY_PHASE_STRIP = NO;
				DEBUG_INFORMATION_FORMAT = dwarf;
				ENABLE_STRICT_OBJC_MSGSEND = YES;
				ENABLE_TESTABILITY = YES;
				GCC_C_LANGUAGE_STANDARD = gnu11;
				GCC_DYNAMIC_NO_PIC = NO;
				GCC_NO_COMMON_BLOCKS = YES;
				GCC_OPTIMIZATION_LEVEL = 0;
				GCC_PREPROCESSOR_DEFINITIONS = (
					"DEBUG=1",
					"$(inherited)",
				);
				GCC_WARN_64_TO_32_BIT_CONVERSION = YES;
				GCC_WARN_ABOUT_RETURN_TYPE = YES_ERROR;
				GCC_WARN_UNDECLARED_SELECTOR = YES;
				GCC_WARN_UNINITIALIZED_AUTOS = YES_AGGRESSIVE;
				GCC_WARN_UNUSED_FUNCTION = YES;
				GCC_WARN_UNUSED_VARIABLE = YES;
				IPHONEOS_DEPLOYMENT_TARGET = 11.4;
				MTL_ENABLE_DEBUG_INFO = YES;
				ONLY_ACTIVE_ARCH = YES;
				SDKROOT = iphoneos;
				SWIFT_ACTIVE_COMPILATION_CONDITIONS = DEBUG;
				SWIFT_OPTIMIZATION_LEVEL = "-Onone";
			};
			name = Debug;
		};
		505467112167E4C10078A352 /* Release */ = {
			isa = XCBuildConfiguration;
			buildSettings = {
				ALWAYS_SEARCH_USER_PATHS = NO;
				CLANG_ANALYZER_NONNULL = YES;
				CLANG_ANALYZER_NUMBER_OBJECT_CONVERSION = YES_AGGRESSIVE;
				CLANG_CXX_LANGUAGE_STANDARD = "gnu++14";
				CLANG_CXX_LIBRARY = "libc++";
				CLANG_ENABLE_MODULES = YES;
				CLANG_ENABLE_OBJC_ARC = YES;
				CLANG_ENABLE_OBJC_WEAK = YES;
				CLANG_WARN_BLOCK_CAPTURE_AUTORELEASING = YES;
				CLANG_WARN_BOOL_CONVERSION = YES;
				CLANG_WARN_COMMA = YES;
				CLANG_WARN_CONSTANT_CONVERSION = YES;
				CLANG_WARN_DEPRECATED_OBJC_IMPLEMENTATIONS = YES;
				CLANG_WARN_DIRECT_OBJC_ISA_USAGE = YES_ERROR;
				CLANG_WARN_DOCUMENTATION_COMMENTS = YES;
				CLANG_WARN_EMPTY_BODY = YES;
				CLANG_WARN_ENUM_CONVERSION = YES;
				CLANG_WARN_INFINITE_RECURSION = YES;
				CLANG_WARN_INT_CONVERSION = YES;
				CLANG_WARN_NON_LITERAL_NULL_CONVERSION = YES;
				CLANG_WARN_OBJC_IMPLICIT_RETAIN_SELF = YES;
				CLANG_WARN_OBJC_LITERAL_CONVERSION = YES;
				CLANG_WARN_OBJC_ROOT_CLASS = YES_ERROR;
				CLANG_WARN_RANGE_LOOP_ANALYSIS = YES;
				CLANG_WARN_STRICT_PROTOTYPES = YES;
				CLANG_WARN_SUSPICIOUS_MOVE = YES;
				CLANG_WARN_UNGUARDED_AVAILABILITY = YES_AGGRESSIVE;
				CLANG_WARN_UNREACHABLE_CODE = YES;
				CLANG_WARN__DUPLICATE_METHOD_MATCH = YES;
				CODE_SIGN_IDENTITY = "iPhone Developer";
				COPY_PHASE_STRIP = NO;
				DEBUG_INFORMATION_FORMAT = "dwarf-with-dsym";
				ENABLE_NS_ASSERTIONS = NO;
				ENABLE_STRICT_OBJC_MSGSEND = YES;
				GCC_C_LANGUAGE_STANDARD = gnu11;
				GCC_NO_COMMON_BLOCKS = YES;
				GCC_WARN_64_TO_32_BIT_CONVERSION = YES;
				GCC_WARN_ABOUT_RETURN_TYPE = YES_ERROR;
				GCC_WARN_UNDECLARED_SELECTOR = YES;
				GCC_WARN_UNINITIALIZED_AUTOS = YES_AGGRESSIVE;
				GCC_WARN_UNUSED_FUNCTION = YES;
				GCC_WARN_UNUSED_VARIABLE = YES;
				IPHONEOS_DEPLOYMENT_TARGET = 11.4;
				MTL_ENABLE_DEBUG_INFO = NO;
				SDKROOT = iphoneos;
				SWIFT_COMPILATION_MODE = wholemodule;
				SWIFT_OPTIMIZATION_LEVEL = "-O";
				VALIDATE_PRODUCT = YES;
			};
			name = Release;
		};
		505467132167E4C10078A352 /* Debug */ = {
			isa = XCBuildConfiguration;
			buildSettings = {
				ASSETCATALOG_COMPILER_APPICON_NAME = AppIcon;
				CODE_SIGN_STYLE = Automatic;
				DEVELOPMENT_TEAM = SEZCW6P8N8;
				INFOPLIST_FILE = "Homework 2/Info.plist";
				LD_RUNPATH_SEARCH_PATHS = (
					"$(inherited)",
					"@executable_path/Frameworks",
				);
				PRODUCT_BUNDLE_IDENTIFIER = "edu.cuny.lehman.cmp430.sameh.Homework-2";
				PRODUCT_NAME = "$(TARGET_NAME)";
				SWIFT_VERSION = 4.0;
				TARGETED_DEVICE_FAMILY = "1,2";
			};
			name = Debug;
		};
		505467142167E4C10078A352 /* Release */ = {
			isa = XCBuildConfiguration;
			buildSettings = {
				ASSETCATALOG_COMPILER_APPICON_NAME = AppIcon;
				CODE_SIGN_STYLE = Automatic;
				DEVELOPMENT_TEAM = SEZCW6P8N8;
				INFOPLIST_FILE = "Homework 2/Info.plist";
				LD_RUNPATH_SEARCH_PATHS = (
					"$(inherited)",
					"@executable_path/Frameworks",
				);
				PRODUCT_BUNDLE_IDENTIFIER = "edu.cuny.lehman.cmp430.sameh.Homework-2";
				PRODUCT_NAME = "$(TARGET_NAME)";
				SWIFT_VERSION = 4.0;
				TARGETED_DEVICE_FAMILY = "1,2";
			};
			name = Release;
		};
/* End XCBuildConfiguration section */

/* Begin XCConfigurationList section */
		505466FB2167E4C10078A352 /* Build configuration list for PBXProject "Homework 2" */ = {
			isa = XCConfigurationList;
			buildConfigurations = (
				505467102167E4C10078A352 /* Debug */,
				505467112167E4C10078A352 /* Release */,
			);
			defaultConfigurationIsVisible = 0;
			defaultConfigurationName = Release;
		};
		505467122167E4C10078A352 /* Build configuration list for PBXNativeTarget "Homework 2" */ = {
			isa = XCConfigurationList;
			buildConfigurations = (
				505467132167E4C10078A352 /* Debug */,
				505467142167E4C10078A352 /* Release */,
			);
			defaultConfigurationIsVisible = 0;
			defaultConfigurationName = Release;
		};
/* End XCConfigurationList section */
	};
	rootObject = 505466F82167E4C10078A352 /* Project object */;
}
